
Microsoft Visual Studio Solution File, Format Version 12.00
# Visual Studio 2012
Project("{FAE04EC0-301F-11D3-BF4B-00C04F79EFBC}") = "IP.i4o", "IP.i4o\IP.i4o.csproj", "{9A3BD7C7-F8EE-4312-AD67-EF0BD133CB20}"
EndProject
Project("{FAE04EC0-301F-11D3-BF4B-00C04F79EFBC}") = "IP.i4o.Tests", "IP.i4o.Tests\IP.i4o.Tests.csproj", "{1B3D03CE-E906-4AFB-B8C2-1F9AC7114FBB}"
EndProject
Project("{2150E333-8FDC-42A3-9474-1A3956D46DE8}") = "Docs", "Docs", "{8EA50D46-DA09-4492-B46D-F9ABCC3D51D3}"
	ProjectSection(SolutionItems) = preProject
		readme.md = readme.md
	EndProjectSection
EndProject
Global
	GlobalSection(SolutionConfigurationPlatforms) = preSolution
		Debug|Any CPU = Debug|Any CPU
		Release|Any CPU = Release|Any CPU
	EndGlobalSection
	GlobalSection(ProjectConfigurationPlatforms) = postSolution
		{9A3BD7C7-F8EE-4312-AD67-EF0BD133CB20}.Debug|Any CPU.ActiveCfg = Debug|Any CPU
		{9A3BD7C7-F8EE-4312-AD67-EF0BD133CB20}.Debug|Any CPU.Build.0 = Debug|Any CPU
		{9A3BD7C7-F8EE-4312-AD67-EF0BD133CB20}.Release|Any CPU.ActiveCfg = Release|Any CPU
		{9A3BD7C7-F8EE-4312-AD67-EF0BD133CB20}.Release|Any CPU.Build.0 = Release|Any CPU
		{1B3D03CE-E906-4AFB-B8C2-1F9AC7114FBB}.Debug|Any CPU.ActiveCfg = Debug|Any CPU
		{1B3D03CE-E906-4AFB-B8C2-1F9AC7114FBB}.Debug|Any CPU.Build.0 = Debug|Any CPU
		{1B3D03CE-E906-4AFB-B8C2-1F9AC7114FBB}.Release|Any CPU.ActiveCfg = Release|Any CPU
		{1B3D03CE-E906-4AFB-B8C2-1F9AC7114FBB}.Release|Any CPU.Build.0 = Release|Any CPU
	EndGlobalSection
	GlobalSection(SolutionProperties) = preSolution
		HideSolutionNode = FALSE
	EndGlobalSection
EndGlobal
